
Microsoft Visual Studio Solution File, Format Version 12.00
# Visual Studio 15
VisualStudioVersion = 15.0.27130.2024
MinimumVisualStudioVersion = 10.0.40219.1
Project("{FAE04EC0-301F-11D3-BF4B-00C04F79EFBC}") = "ForestInteractiveTest", "ForestInteractiveTest\ForestInteractiveTest.csproj", "{34C8E00B-947A-43F7-9A28-22E9E08D3D76}"
EndProject
Global
	GlobalSection(SolutionConfigurationPlatforms) = preSolution
		Debug|Any CPU = Debug|Any CPU
		Release|Any CPU = Release|Any CPU
	EndGlobalSection
	GlobalSection(ProjectConfigurationPlatforms) = postSolution
		{34C8E00B-947A-43F7-9A28-22E9E08D3D76}.Debug|Any CPU.ActiveCfg = Debug|Any CPU
		{34C8E00B-947A-43F7-9A28-22E9E08D3D76}.Debug|Any CPU.Build.0 = Debug|Any CPU
		{34C8E00B-947A-43F7-9A28-22E9E08D3D76}.Release|Any CPU.ActiveCfg = Release|Any CPU
		{34C8E00B-947A-43F7-9A28-22E9E08D3D76}.Release|Any CPU.Build.0 = Release|Any CPU
	EndGlobalSection
	GlobalSection(SolutionProperties) = preSolution
		HideSolutionNode = FALSE
	EndGlobalSection
	GlobalSection(ExtensibilityGlobals) = postSolution
		SolutionGuid = {F1217EF0-A87B-43BF-BAF7-8B6045F7B23A}
	EndGlobalSection
EndGlobal
